
Microsoft Visual Studio Solution File, Format Version 12.00
# Visual Studio Version 16
VisualStudioVersion = 16.0.29102.190
MinimumVisualStudioVersion = 10.0.40219.1
Project("{FAE04EC0-301F-11D3-BF4B-00C04F79EFBC}") = "LoadAllDependencies", "LoadAllDependencies.csproj", "{462921EF-D2FD-478B-A867-C90E48CE0342}"
EndProject
Global
	GlobalSection(SolutionConfigurationPlatforms) = preSolution
		Debug|Any CPU = Debug|Any CPU
		Release|Any CPU = Release|Any CPU
	EndGlobalSection
	GlobalSection(ProjectConfigurationPlatforms) = postSolution
		{462921EF-D2FD-478B-A867-C90E48CE0342}.Debug|Any CPU.ActiveCfg = Debug|Any CPU
		{462921EF-D2FD-478B-A867-C90E48CE0342}.Debug|Any CPU.Build.0 = Debug|Any CPU
		{462921EF-D2FD-478B-A867-C90E48CE0342}.Release|Any CPU.ActiveCfg = Release|Any CPU
		{462921EF-D2FD-478B-A867-C90E48CE0342}.Release|Any CPU.Build.0 = Release|Any CPU
	EndGlobalSection
	GlobalSection(SolutionProperties) = preSolution
		HideSolutionNode = FALSE
	EndGlobalSection
	GlobalSection(ExtensibilityGlobals) = postSolution
		        SolutionGuid = {20242FC6-9B62-4923-8CA1-D296177FF1DF}
		SolutionGuid = {61C4C0CD-78B4-4C43-AB4B-D764553EFAE6}
	EndGlobalSection
EndGlobal
